
Microsoft Visual Studio Solution File, Format Version 12.00
# Visual Studio Version 17
VisualStudioVersion = 17.9.34701.34
MinimumVisualStudioVersion = 10.0.40219.1
Project("{FAE04EC0-301F-11D3-BF4B-00C04F79EFBC}") = "Unit-9-6-1-1", "Unit-9-6-1-1\Unit-9-6-1-1.csproj", "{A77FAD8F-8EBF-4119-A9E6-5961CCB73A12}"
EndProject
Global
	GlobalSection(SolutionConfigurationPlatforms) = preSolution
		Debug|Any CPU = Debug|Any CPU
		Release|Any CPU = Release|Any CPU
	EndGlobalSection
	GlobalSection(ProjectConfigurationPlatforms) = postSolution
		{A77FAD8F-8EBF-4119-A9E6-5961CCB73A12}.Debug|Any CPU.ActiveCfg = Debug|Any CPU
		{A77FAD8F-8EBF-4119-A9E6-5961CCB73A12}.Debug|Any CPU.Build.0 = Debug|Any CPU
		{A77FAD8F-8EBF-4119-A9E6-5961CCB73A12}.Release|Any CPU.ActiveCfg = Release|Any CPU
		{A77FAD8F-8EBF-4119-A9E6-5961CCB73A12}.Release|Any CPU.Build.0 = Release|Any CPU
	EndGlobalSection
	GlobalSection(SolutionProperties) = preSolution
		HideSolutionNode = FALSE
	EndGlobalSection
	GlobalSection(ExtensibilityGlobals) = postSolution
		SolutionGuid = {33C0FDC7-97C3-4AB3-B267-28E6971677B2}
	EndGlobalSection
EndGlobal
